PODS:
  - AWSCore (2.6.1)
  - AWSS3 (2.6.1):
    - AWSCore (= 2.6.1)
  - OTOnexus (1.2.0):
    - AWSS3

DEPENDENCIES:
  - OTOnexus (from `../`)

EXTERNAL SOURCES:
  OTOnexus:
    :path: ../

SPEC CHECKSUMS:
  AWSCore: e7d37fa0715def975acf1b0d75556576780088b8
  AWSS3: 2e18ede28199a5530955dc1a65434da43dcc4d2c
  OTOnexus: 5a3fc4cdb8bed72fa4f6bc40d073886ce40c0a45

PODFILE CHECKSUM: 9a0c8f152b9af3a1685796927275879e3c43391b

COCOAPODS: 1.4.0
